
Microsoft Visual Studio Solution File, Format Version 12.00
# Visual Studio Version 17
VisualStudioVersion = 17.14.36121.58 d17.14
MinimumVisualStudioVersion = 10.0.40219.1
Project("{FAE04EC0-301F-11D3-BF4B-00C04F79EFBC}") = "DenounceBeasts.API", "DenounceBeasts.API\DenounceBeasts.API.csproj", "{B3F65EB1-E76A-44EF-9DB9-B18CA83A3027}"
EndProject
Global
	GlobalSection(SolutionConfigurationPlatforms) = preSolution
		Debug|Any CPU = Debug|Any CPU
		Release|Any CPU = Release|Any CPU
	EndGlobalSection
	GlobalSection(ProjectConfigurationPlatforms) = postSolution
		{B3F65EB1-E76A-44EF-9DB9-B18CA83A3027}.Debug|Any CPU.ActiveCfg = Debug|Any CPU
		{B3F65EB1-E76A-44EF-9DB9-B18CA83A3027}.Debug|Any CPU.Build.0 = Debug|Any CPU
		{B3F65EB1-E76A-44EF-9DB9-B18CA83A3027}.Release|Any CPU.ActiveCfg = Release|Any CPU
		{B3F65EB1-E76A-44EF-9DB9-B18CA83A3027}.Release|Any CPU.Build.0 = Release|Any CPU
	EndGlobalSection
	GlobalSection(SolutionProperties) = preSolution
		HideSolutionNode = FALSE
	EndGlobalSection
	GlobalSection(ExtensibilityGlobals) = postSolution
		SolutionGuid = {63B16418-3BD9-4548-943F-3BDE0D2A3E7B}
	EndGlobalSection
EndGlobal
