
Microsoft Visual Studio Solution File, Format Version 12.00
# Visual Studio Version 17
VisualStudioVersion = 17.14.36121.58
MinimumVisualStudioVersion = 10.0.40219.1
Project("{FAE04EC0-301F-11D3-BF4B-00C04F79EFBC}") = "DenounceBeasts.API", "DenounceBeasts.API\DenounceBeasts.API.csproj", "{B3F65EB1-E76A-44EF-9DB9-B18CA83A3027}"
EndProject
Project("{FAE04EC0-301F-11D3-BF4B-00C04F79EFBC}") = "DenounceBeasts.Domain", "DenounceBeasts.Domain\DenounceBeasts.Domain.csproj", "{2F19516F-5003-4128-8ADE-D8348FD22546}"
EndProject
Project("{FAE04EC0-301F-11D3-BF4B-00C04F79EFBC}") = "DenounceBeasts.Infrastructure", "DenounceBeasts.Infrastructure\DenounceBeasts.Infrastructure.csproj", "{FD30623D-2523-4C5C-A53A-5DF4483A069E}"
EndProject
Project("{FAE04EC0-301F-11D3-BF4B-00C04F79EFBC}") = "DenounceBeasts.Persistence", "DenounceBeasts.Persistence\DenounceBeasts.Persistence.csproj", "{AB75FA81-6ECE-4FD4-8721-4EE7711C86A8}"
EndProject
Project("{FAE04EC0-301F-11D3-BF4B-00C04F79EFBC}") = "DenounceBeasts.Application", "DenounceBeasts.Application\DenounceBeasts.Application.csproj", "{AEE80F09-60ED-4AFB-A8E2-A57E9738D761}"
EndProject
Global
	GlobalSection(SolutionConfigurationPlatforms) = preSolution
		Debug|Any CPU = Debug|Any CPU
		Release|Any CPU = Release|Any CPU
	EndGlobalSection
	GlobalSection(ProjectConfigurationPlatforms) = postSolution
		{B3F65EB1-E76A-44EF-9DB9-B18CA83A3027}.Debug|Any CPU.ActiveCfg = Debug|Any CPU
		{B3F65EB1-E76A-44EF-9DB9-B18CA83A3027}.Debug|Any CPU.Build.0 = Debug|Any CPU
		{B3F65EB1-E76A-44EF-9DB9-B18CA83A3027}.Release|Any CPU.ActiveCfg = Release|Any CPU
		{B3F65EB1-E76A-44EF-9DB9-B18CA83A3027}.Release|Any CPU.Build.0 = Release|Any CPU
		{2F19516F-5003-4128-8ADE-D8348FD22546}.Debug|Any CPU.ActiveCfg = Debug|Any CPU
		{2F19516F-5003-4128-8ADE-D8348FD22546}.Debug|Any CPU.Build.0 = Debug|Any CPU
		{2F19516F-5003-4128-8ADE-D8348FD22546}.Release|Any CPU.ActiveCfg = Release|Any CPU
		{2F19516F-5003-4128-8ADE-D8348FD22546}.Release|Any CPU.Build.0 = Release|Any CPU
		{FD30623D-2523-4C5C-A53A-5DF4483A069E}.Debug|Any CPU.ActiveCfg = Debug|Any CPU
		{FD30623D-2523-4C5C-A53A-5DF4483A069E}.Debug|Any CPU.Build.0 = Debug|Any CPU
		{FD30623D-2523-4C5C-A53A-5DF4483A069E}.Release|Any CPU.ActiveCfg = Release|Any CPU
		{FD30623D-2523-4C5C-A53A-5DF4483A069E}.Release|Any CPU.Build.0 = Release|Any CPU
		{AB75FA81-6ECE-4FD4-8721-4EE7711C86A8}.Debug|Any CPU.ActiveCfg = Debug|Any CPU
		{AB75FA81-6ECE-4FD4-8721-4EE7711C86A8}.Debug|Any CPU.Build.0 = Debug|Any CPU
		{AB75FA81-6ECE-4FD4-8721-4EE7711C86A8}.Release|Any CPU.ActiveCfg = Release|Any CPU
		{AB75FA81-6ECE-4FD4-8721-4EE7711C86A8}.Release|Any CPU.Build.0 = Release|Any CPU
		{AEE80F09-60ED-4AFB-A8E2-A57E9738D761}.Debug|Any CPU.ActiveCfg = Debug|Any CPU
		{AEE80F09-60ED-4AFB-A8E2-A57E9738D761}.Debug|Any CPU.Build.0 = Debug|Any CPU
		{AEE80F09-60ED-4AFB-A8E2-A57E9738D761}.Release|Any CPU.ActiveCfg = Release|Any CPU
		{AEE80F09-60ED-4AFB-A8E2-A57E9738D761}.Release|Any CPU.Build.0 = Release|Any CPU
	EndGlobalSection
	GlobalSection(SolutionProperties) = preSolution
		HideSolutionNode = FALSE
	EndGlobalSection
	GlobalSection(ExtensibilityGlobals) = postSolution
		SolutionGuid = {63B16418-3BD9-4548-943F-3BDE0D2A3E7B}
	EndGlobalSection
EndGlobal
